
Microsoft Visual Studio Solution File, Format Version 12.00
# Visual Studio Version 16
VisualStudioVersion = 16.0.30709.132
MinimumVisualStudioVersion = 10.0.40219.1
Project("{9A19103F-16F7-4668-BE54-9A1E7A4F7556}") = "Common", "Common\Common.csproj", "{04BE845D-1215-490A-A750-04AE649EE862}"
EndProject
Project("{9A19103F-16F7-4668-BE54-9A1E7A4F7556}") = "Infrastructure", "Infrastructure\Infrastructure.csproj", "{DAE8B5A3-6789-4DFA-8C9E-BB9E76D36A8E}"
EndProject
Project("{9A19103F-16F7-4668-BE54-9A1E7A4F7556}") = "Services", "Services\Services.csproj", "{38A3A9B0-E36E-42E2-9172-58FA77C68A5F}"
EndProject
Project("{9A19103F-16F7-4668-BE54-9A1E7A4F7556}") = "Api", "Api\Api.csproj", "{EB9F06D1-CE90-444E-A2DA-8E6522C53D9F}"
EndProject
Global
	GlobalSection(SolutionConfigurationPlatforms) = preSolution
		Debug|Any CPU = Debug|Any CPU
		Release|Any CPU = Release|Any CPU
	EndGlobalSection
	GlobalSection(ProjectConfigurationPlatforms) = postSolution
		{04BE845D-1215-490A-A750-04AE649EE862}.Debug|Any CPU.ActiveCfg = Debug|Any CPU
		{04BE845D-1215-490A-A750-04AE649EE862}.Debug|Any CPU.Build.0 = Debug|Any CPU
		{04BE845D-1215-490A-A750-04AE649EE862}.Release|Any CPU.ActiveCfg = Release|Any CPU
		{04BE845D-1215-490A-A750-04AE649EE862}.Release|Any CPU.Build.0 = Release|Any CPU
		{DAE8B5A3-6789-4DFA-8C9E-BB9E76D36A8E}.Debug|Any CPU.ActiveCfg = Debug|Any CPU
		{DAE8B5A3-6789-4DFA-8C9E-BB9E76D36A8E}.Debug|Any CPU.Build.0 = Debug|Any CPU
		{DAE8B5A3-6789-4DFA-8C9E-BB9E76D36A8E}.Release|Any CPU.ActiveCfg = Release|Any CPU
		{DAE8B5A3-6789-4DFA-8C9E-BB9E76D36A8E}.Release|Any CPU.Build.0 = Release|Any CPU
		{38A3A9B0-E36E-42E2-9172-58FA77C68A5F}.Debug|Any CPU.ActiveCfg = Debug|Any CPU
		{38A3A9B0-E36E-42E2-9172-58FA77C68A5F}.Debug|Any CPU.Build.0 = Debug|Any CPU
		{38A3A9B0-E36E-42E2-9172-58FA77C68A5F}.Release|Any CPU.ActiveCfg = Release|Any CPU
		{38A3A9B0-E36E-42E2-9172-58FA77C68A5F}.Release|Any CPU.Build.0 = Release|Any CPU
		{EB9F06D1-CE90-444E-A2DA-8E6522C53D9F}.Debug|Any CPU.ActiveCfg = Debug|Any CPU
		{EB9F06D1-CE90-444E-A2DA-8E6522C53D9F}.Debug|Any CPU.Build.0 = Debug|Any CPU
		{EB9F06D1-CE90-444E-A2DA-8E6522C53D9F}.Release|Any CPU.ActiveCfg = Release|Any CPU
		{EB9F06D1-CE90-444E-A2DA-8E6522C53D9F}.Release|Any CPU.Build.0 = Release|Any CPU
	EndGlobalSection
	GlobalSection(SolutionProperties) = preSolution
		HideSolutionNode = FALSE
	EndGlobalSection
	GlobalSection(ExtensibilityGlobals) = postSolution
		SolutionGuid = {60D88192-5D7C-49C4-BA29-2082AC9CDE55}
	EndGlobalSection
EndGlobal
